
Microsoft Visual Studio Solution File, Format Version 12.00
# Visual Studio Version 16
VisualStudioVersion = 16.0.31205.134
MinimumVisualStudioVersion = 10.0.40219.1
Project("{8BC9CEB8-8B4A-11D0-8D11-00A0C91BC942}") = "OOP_lab_10_11", "OOP_lab_10_11\OOP_lab_10_11.vcxproj", "{4B2A3C98-9125-49FB-8232-BE6EE409AE20}"
EndProject
Global
	GlobalSection(SolutionConfigurationPlatforms) = preSolution
		Debug|x64 = Debug|x64
		Release|x64 = Release|x64
	EndGlobalSection
	GlobalSection(ProjectConfigurationPlatforms) = postSolution
		{4B2A3C98-9125-49FB-8232-BE6EE409AE20}.Debug|x64.ActiveCfg = Debug|x64
		{4B2A3C98-9125-49FB-8232-BE6EE409AE20}.Debug|x64.Build.0 = Debug|x64
		{4B2A3C98-9125-49FB-8232-BE6EE409AE20}.Release|x64.ActiveCfg = Release|x64
		{4B2A3C98-9125-49FB-8232-BE6EE409AE20}.Release|x64.Build.0 = Release|x64
	EndGlobalSection
	GlobalSection(SolutionProperties) = preSolution
		HideSolutionNode = FALSE
	EndGlobalSection
	GlobalSection(ExtensibilityGlobals) = postSolution
		SolutionGuid = {0C852D88-B142-4DF3-BF84-CAF2D9844ECE}
	EndGlobalSection
EndGlobal
